// !$*UTF8*$!
{
	archiveVersion = 1;
	classes = {
	};
	objectVersion = 50;
	objects = {

/* Begin PBXBuildFile section */
		BE1C112D2520139A00646578 /* AppDelegate.swift in Sources */ = {isa = PBXBuildFile; fileRef = BE1C112C2520139A00646578 /* AppDelegate.swift */; };
		BE1C112F2520139A00646578 /* SceneDelegate.swift in Sources */ = {isa = PBXBuildFile; fileRef = BE1C112E2520139A00646578 /* SceneDelegate.swift */; };
		BE1C11312520139A00646578 /* ViewController.swift in Sources */ = {isa = PBXBuildFile; fileRef = BE1C11302520139A00646578 /* ViewController.swift */; };
		BE1C11342520139A00646578 /* Main.storyboard in Resources */ = {isa = PBXBuildFile; fileRef = BE1C11322520139A00646578 /* Main.storyboard */; };
		BE1C11372520139A00646578 /* News_Feed.xcdatamodeld in Sources */ = {isa = PBXBuildFile; fileRef = BE1C11352520139A00646578 /* News_Feed.xcdatamodeld */; };
		BE1C1139252013A400646578 /* Assets.xcassets in Resources */ = {isa = PBXBuildFile; fileRef = BE1C1138252013A400646578 /* Assets.xcassets */; };
		BE1C113C252013A400646578 /* LaunchScreen.storyboard in Resources */ = {isa = PBXBuildFile; fileRef = BE1C113A252013A400646578 /* LaunchScreen.storyboard */; };
		BE1C11452521554300646578 /* ios-application-placeholder.png in Resources */ = {isa = PBXBuildFile; fileRef = BE1C11442521554300646578 /* ios-application-placeholder.png */; };
		BE1C11482521630500646578 /* LoginViewController.swift in Sources */ = {isa = PBXBuildFile; fileRef = BE1C11472521630500646578 /* LoginViewController.swift */; };
		BE1C114B252184B300646578 /* ProfileViewController.swift in Sources */ = {isa = PBXBuildFile; fileRef = BE1C114A252184B300646578 /* ProfileViewController.swift */; };
		BE1C114E25218A1F00646578 /* NewsViewController.swift in Sources */ = {isa = PBXBuildFile; fileRef = BE1C114D25218A1F00646578 /* NewsViewController.swift */; };
		BE1C115025218C9B00646578 /* placeholder_image.png in Resources */ = {isa = PBXBuildFile; fileRef = BE1C114F25218C9B00646578 /* placeholder_image.png */; };
		BE1C11522521943900646578 /* NewsDetailViewController.swift in Sources */ = {isa = PBXBuildFile; fileRef = BE1C11512521943900646578 /* NewsDetailViewController.swift */; };
		BE1C115525219FCB00646578 /* reading_sample.wav in Resources */ = {isa = PBXBuildFile; fileRef = BE1C115425219FCB00646578 /* reading_sample.wav */; };
/* End PBXBuildFile section */

/* Begin PBXFileReference section */
		BE1C11292520139A00646578 /* News-Feed.app */ = {isa = PBXFileReference; explicitFileType = wrapper.application; includeInIndex = 0; path = "News-Feed.app"; sourceTree = BUILT_PRODUCTS_DIR; };
		BE1C112C2520139A00646578 /* AppDelegate.swift */ = {isa = PBXFileReference; lastKnownFileType = sourcecode.swift; path = AppDelegate.swift; sourceTree = "<group>"; };
		BE1C112E2520139A00646578 /* SceneDelegate.swift */ = {isa = PBXFileReference; lastKnownFileType = sourcecode.swift; path = SceneDelegate.swift; sourceTree = "<group>"; };
		BE1C11302520139A00646578 /* ViewController.swift */ = {isa = PBXFileReference; lastKnownFileType = sourcecode.swift; path = ViewController.swift; sourceTree = "<group>"; };
		BE1C11332520139A00646578 /* Base */ = {isa = PBXFileReference; lastKnownFileType = file.storyboard; name = Base; path = Base.lproj/Main.storyboard; sourceTree = "<group>"; };
		BE1C11362520139A00646578 /* News_Feed.xcdatamodel */ = {isa = PBXFileReference; lastKnownFileType = wrapper.xcdatamodel; path = News_Feed.xcdatamodel; sourceTree = "<group>"; };
		BE1C1138252013A400646578 /* Assets.xcassets */ = {isa = PBXFileReference; lastKnownFileType = folder.assetcatalog; path = Assets.xcassets; sourceTree = "<group>"; };
		BE1C113B252013A400646578 /* Base */ = {isa = PBXFileReference; lastKnownFileType = file.storyboard; name = Base; path = Base.lproj/LaunchScreen.storyboard; sourceTree = "<group>"; };
		BE1C113D252013A400646578 /* Info.plist */ = {isa = PBXFileReference; lastKnownFileType = text.plist.xml; path = Info.plist; sourceTree = "<group>"; };
		BE1C11442521554300646578 /* ios-application-placeholder.png */ = {isa = PBXFileReference; lastKnownFileType = image.png; path = "ios-application-placeholder.png"; sourceTree = "<group>"; };
		BE1C11472521630500646578 /* LoginViewController.swift */ = {isa = PBXFileReference; lastKnownFileType = sourcecode.swift; path = LoginViewController.swift; sourceTree = "<group>"; };
		BE1C114A252184B300646578 /* ProfileViewController.swift */ = {isa = PBXFileReference; lastKnownFileType = sourcecode.swift; path = ProfileViewController.swift; sourceTree = "<group>"; };
		BE1C114D25218A1F00646578 /* NewsViewController.swift */ = {isa = PBXFileReference; lastKnownFileType = sourcecode.swift; path = NewsViewController.swift; sourceTree = "<group>"; };
		BE1C114F25218C9B00646578 /* placeholder_image.png */ = {isa = PBXFileReference; lastKnownFileType = image.png; path = placeholder_image.png; sourceTree = "<group>"; };
		BE1C11512521943900646578 /* NewsDetailViewController.swift */ = {isa = PBXFileReference; lastKnownFileType = sourcecode.swift; path = NewsDetailViewController.swift; sourceTree = "<group>"; };
		BE1C115425219FCB00646578 /* reading_sample.wav */ = {isa = PBXFileReference; lastKnownFileType = audio.wav; path = reading_sample.wav; sourceTree = "<group>"; };
/* End PBXFileReference section */

/* Begin PBXFrameworksBuildPhase section */
		BE1C11262520139A00646578 /* Frameworks */ = {
			isa = PBXFrameworksBuildPhase;
			buildActionMask = 2147483647;
			files = (
			);
			runOnlyForDeploymentPostprocessing = 0;
		};
/* End PBXFrameworksBuildPhase section */

/* Begin PBXGroup section */
		BE1C11202520139A00646578 = {
			isa = PBXGroup;
			children = (
				BE1C112B2520139A00646578 /* News-Feed */,
				BE1C112A2520139A00646578 /* Products */,
			);
			sourceTree = "<group>";
		};
		BE1C112A2520139A00646578 /* Products */ = {
			isa = PBXGroup;
			children = (
				BE1C11292520139A00646578 /* News-Feed.app */,
			);
			name = Products;
			sourceTree = "<group>";
		};
		BE1C112B2520139A00646578 /* News-Feed */ = {
			isa = PBXGroup;
			children = (
				BE1C115325219FBF00646578 /* Audio */,
				BE1C114C25218A1000646578 /* News */,
				BE1C11462521626E00646578 /* Login */,
				BE1C11492521849F00646578 /* Profile */,
				BE1C112C2520139A00646578 /* AppDelegate.swift */,
				BE1C112E2520139A00646578 /* SceneDelegate.swift */,
				BE1C11302520139A00646578 /* ViewController.swift */,
				BE1C11322520139A00646578 /* Main.storyboard */,
				BE1C1138252013A400646578 /* Assets.xcassets */,
				BE1C113A252013A400646578 /* LaunchScreen.storyboard */,
				BE1C113D252013A400646578 /* Info.plist */,
				BE1C11352520139A00646578 /* News_Feed.xcdatamodeld */,
				BE1C11432521552F00646578 /* Images */,
			);
			path = "News-Feed";
			sourceTree = "<group>";
		};
		BE1C11432521552F00646578 /* Images */ = {
			isa = PBXGroup;
			children = (
				BE1C114F25218C9B00646578 /* placeholder_image.png */,
				BE1C11442521554300646578 /* ios-application-placeholder.png */,
			);
			path = Images;
			sourceTree = "<group>";
		};
		BE1C11462521626E00646578 /* Login */ = {
			isa = PBXGroup;
			children = (
				BE1C11472521630500646578 /* LoginViewController.swift */,
			);
			path = Login;
			sourceTree = "<group>";
		};
		BE1C11492521849F00646578 /* Profile */ = {
			isa = PBXGroup;
			children = (
				BE1C114A252184B300646578 /* ProfileViewController.swift */,
			);
			path = Profile;
			sourceTree = "<group>";
		};
		BE1C114C25218A1000646578 /* News */ = {
			isa = PBXGroup;
			children = (
				BE1C114D25218A1F00646578 /* NewsViewController.swift */,
				BE1C11512521943900646578 /* NewsDetailViewController.swift */,
			);
			path = News;
			sourceTree = "<group>";
		};
		BE1C115325219FBF00646578 /* Audio */ = {
			isa = PBXGroup;
			children = (
				BE1C115425219FCB00646578 /* reading_sample.wav */,
			);
			path = Audio;
			sourceTree = "<group>";
		};
/* End PBXGroup section */

/* Begin PBXNativeTarget section */
		BE1C11282520139A00646578 /* News-Feed */ = {
			isa = PBXNativeTarget;
			buildConfigurationList = BE1C1140252013A400646578 /* Build configuration list for PBXNativeTarget "News-Feed" */;
			buildPhases = (
				BE1C11252520139A00646578 /* Sources */,
				BE1C11262520139A00646578 /* Frameworks */,
				BE1C11272520139A00646578 /* Resources */,
			);
			buildRules = (
			);
			dependencies = (
			);
			name = "News-Feed";
			productName = "News-Feed";
			productReference = BE1C11292520139A00646578 /* News-Feed.app */;
			productType = "com.apple.product-type.application";
		};
/* End PBXNativeTarget section */

/* Begin PBXProject section */
		BE1C11212520139A00646578 /* Project object */ = {
			isa = PBXProject;
			attributes = {
				LastSwiftUpdateCheck = 1160;
				LastUpgradeCheck = 1160;
				ORGANIZATIONNAME = "Linghang Inc";
				TargetAttributes = {
					BE1C11282520139A00646578 = {
						CreatedOnToolsVersion = 11.6;
					};
				};
			};
			buildConfigurationList = BE1C11242520139A00646578 /* Build configuration list for PBXProject "News-Feed" */;
			compatibilityVersion = "Xcode 9.3";
			developmentRegion = en;
			hasScannedForEncodings = 0;
			knownRegions = (
				en,
				Base,
			);
			mainGroup = BE1C11202520139A00646578;
			productRefGroup = BE1C112A2520139A00646578 /* Products */;
			projectDirPath = "";
			projectRoot = "";
			targets = (
				BE1C11282520139A00646578 /* News-Feed */,
			);
		};
/* End PBXProject section */

/* Begin PBXResourcesBuildPhase section */
		BE1C11272520139A00646578 /* Resources */ = {
			isa = PBXResourcesBuildPhase;
			buildActionMask = 2147483647;
			files = (
				BE1C113C252013A400646578 /* LaunchScreen.storyboard in Resources */,
				BE1C1139252013A400646578 /* Assets.xcassets in Resources */,
				BE1C115025218C9B00646578 /* placeholder_image.png in Resources */,
				BE1C115525219FCB00646578 /* reading_sample.wav in Resources */,
				BE1C11452521554300646578 /* ios-application-placeholder.png in Resources */,
				BE1C11342520139A00646578 /* Main.storyboard in Resources */,
			);
			runOnlyForDeploymentPostprocessing = 0;
		};
/* End PBXResourcesBuildPhase section */

/* Begin PBXSourcesBuildPhase section */
		BE1C11252520139A00646578 /* Sources */ = {
			isa = PBXSourcesBuildPhase;
			buildActionMask = 2147483647;
			files = (
				BE1C11522521943900646578 /* NewsDetailViewController.swift in Sources */,
				BE1C114B252184B300646578 /* ProfileViewController.swift in Sources */,
				BE1C11312520139A00646578 /* ViewController.swift in Sources */,
				BE1C112D2520139A00646578 /* AppDelegate.swift in Sources */,
				BE1C11372520139A00646578 /* News_Feed.xcdatamodeld in Sources */,
				BE1C114E25218A1F00646578 /* NewsViewController.swift in Sources */,
				BE1C11482521630500646578 /* LoginViewController.swift in Sources */,
				BE1C112F2520139A00646578 /* SceneDelegate.swift in Sources */,
			);
			runOnlyForDeploymentPostprocessing = 0;
		};
/* End PBXSourcesBuildPhase section */

/* Begin PBXVariantGroup section */
		BE1C11322520139A00646578 /* Main.storyboard */ = {
			isa = PBXVariantGroup;
			children = (
				BE1C11332520139A00646578 /* Base */,
			);
			name = Main.storyboard;
			sourceTree = "<group>";
		};
		BE1C113A252013A400646578 /* LaunchScreen.storyboard */ = {
			isa = PBXVariantGroup;
			children = (
				BE1C113B252013A400646578 /* Base */,
			);
			name = LaunchScreen.storyboard;
			sourceTree = "<group>";
		};
/* End PBXVariantGroup section */

/* Begin XCBuildConfiguration section */
		BE1C113E252013A400646578 /* Debug */ = {
			isa = XCBuildConfiguration;
			buildSettings = {
				ALWAYS_SEARCH_USER_PATHS = NO;
				CLANG_ANALYZER_NONNULL = YES;
				CLANG_ANALYZER_NUMBER_OBJECT_CONVERSION = YES_AGGRESSIVE;
				CLANG_CXX_LANGUAGE_STANDARD = "gnu++14";
				CLANG_CXX_LIBRARY = "libc++";
				CLANG_ENABLE_MODULES = YES;
				CLANG_ENABLE_OBJC_ARC = YES;
				CLANG_ENABLE_OBJC_WEAK = YES;
				CLANG_WARN_BLOCK_CAPTURE_AUTORELEASING = YES;
				CLANG_WARN_BOOL_CONVERSION = YES;
				CLANG_WARN_COMMA = YES;
				CLANG_WARN_CONSTANT_CONVERSION = YES;
				CLANG_WARN_DEPRECATED_OBJC_IMPLEMENTATIONS = YES;
				CLANG_WARN_DIRECT_OBJC_ISA_USAGE = YES_ERROR;
				CLANG_WARN_DOCUMENTATION_COMMENTS = YES;
				CLANG_WARN_EMPTY_BODY = YES;
				CLANG_WARN_ENUM_CONVERSION = YES;
				CLANG_WARN_INFINITE_RECURSION = YES;
				CLANG_WARN_INT_CONVERSION = YES;
				CLANG_WARN_NON_LITERAL_NULL_CONVERSION = YES;
				CLANG_WARN_OBJC_IMPLICIT_RETAIN_SELF = YES;
				CLANG_WARN_OBJC_LITERAL_CONVERSION = YES;
				CLANG_WARN_OBJC_ROOT_CLASS = YES_ERROR;
				CLANG_WARN_RANGE_LOOP_ANALYSIS = YES;
				CLANG_WARN_STRICT_PROTOTYPES = YES;
				CLANG_WARN_SUSPICIOUS_MOVE = YES;
				CLANG_WARN_UNGUARDED_AVAILABILITY = YES_AGGRESSIVE;
				CLANG_WARN_UNREACHABLE_CODE = YES;
				CLANG_WARN__DUPLICATE_METHOD_MATCH = YES;
				COPY_PHASE_STRIP = NO;
				DEBUG_INFORMATION_FORMAT = dwarf;
				ENABLE_STRICT_OBJC_MSGSEND = YES;
				ENABLE_TESTABILITY = YES;
				GCC_C_LANGUAGE_STANDARD = gnu11;
				GCC_DYNAMIC_NO_PIC = NO;
				GCC_NO_COMMON_BLOCKS = YES;
				GCC_OPTIMIZATION_LEVEL = 0;
				GCC_PREPROCESSOR_DEFINITIONS = (
					"DEBUG=1",
					"$(inherited)",
				);
				GCC_WARN_64_TO_32_BIT_CONVERSION = YES;
				GCC_WARN_ABOUT_RETURN_TYPE = YES_ERROR;
				GCC_WARN_UNDECLARED_SELECTOR = YES;
				GCC_WARN_UNINITIALIZED_AUTOS = YES_AGGRESSIVE;
				GCC_WARN_UNUSED_FUNCTION = YES;
				GCC_WARN_UNUSED_VARIABLE = YES;
				IPHONEOS_DEPLOYMENT_TARGET = 13.6;
				MTL_ENABLE_DEBUG_INFO = INCLUDE_SOURCE;
				MTL_FAST_MATH = YES;
				ONLY_ACTIVE_ARCH = YES;
				SDKROOT = iphoneos;
				SWIFT_ACTIVE_COMPILATION_CONDITIONS = DEBUG;
				SWIFT_OPTIMIZATION_LEVEL = "-Onone";
			};
			name = Debug;
		};
		BE1C113F252013A400646578 /* Release */ = {
			isa = XCBuildConfiguration;
			buildSettings = {
				ALWAYS_SEARCH_USER_PATHS = NO;
				CLANG_ANALYZER_NONNULL = YES;
				CLANG_ANALYZER_NUMBER_OBJECT_CONVERSION = YES_AGGRESSIVE;
				CLANG_CXX_LANGUAGE_STANDARD = "gnu++14";
				CLANG_CXX_LIBRARY = "libc++";
				CLANG_ENABLE_MODULES = YES;
				CLANG_ENABLE_OBJC_ARC = YES;
				CLANG_ENABLE_OBJC_WEAK = YES;
				CLANG_WARN_BLOCK_CAPTURE_AUTORELEASING = YES;
				CLANG_WARN_BOOL_CONVERSION = YES;
				CLANG_WARN_COMMA = YES;
				CLANG_WARN_CONSTANT_CONVERSION = YES;
				CLANG_WARN_DEPRECATED_OBJC_IMPLEMENTATIONS = YES;
				CLANG_WARN_DIRECT_OBJC_ISA_USAGE = YES_ERROR;
				CLANG_WARN_DOCUMENTATION_COMMENTS = YES;
				CLANG_WARN_EMPTY_BODY = YES;
				CLANG_WARN_ENUM_CONVERSION = YES;
				CLANG_WARN_INFINITE_RECURSION = YES;
				CLANG_WARN_INT_CONVERSION = YES;
				CLANG_WARN_NON_LITERAL_NULL_CONVERSION = YES;
				CLANG_WARN_OBJC_IMPLICIT_RETAIN_SELF = YES;
				CLANG_WARN_OBJC_LITERAL_CONVERSION = YES;
				CLANG_WARN_OBJC_ROOT_CLASS = YES_ERROR;
				CLANG_WARN_RANGE_LOOP_ANALYSIS = YES;
				CLANG_WARN_STRICT_PROTOTYPES = YES;
				CLANG_WARN_SUSPICIOUS_MOVE = YES;
				CLANG_WARN_UNGUARDED_AVAILABILITY = YES_AGGRESSIVE;
				CLANG_WARN_UNREACHABLE_CODE = YES;
				CLANG_WARN__DUPLICATE_METHOD_MATCH = YES;
				COPY_PHASE_STRIP = NO;
				DEBUG_INFORMATION_FORMAT = "dwarf-with-dsym";
				ENABLE_NS_ASSERTIONS = NO;
				ENABLE_STRICT_OBJC_MSGSEND = YES;
				GCC_C_LANGUAGE_STANDARD = gnu11;
				GCC_NO_COMMON_BLOCKS = YES;
				GCC_WARN_64_TO_32_BIT_CONVERSION = YES;
				GCC_WARN_ABOUT_RETURN_TYPE = YES_ERROR;
				GCC_WARN_UNDECLARED_SELECTOR = YES;
				GCC_WARN_UNINITIALIZED_AUTOS = YES_AGGRESSIVE;
				GCC_WARN_UNUSED_FUNCTION = YES;
				GCC_WARN_UNUSED_VARIABLE = YES;
				IPHONEOS_DEPLOYMENT_TARGET = 13.6;
				MTL_ENABLE_DEBUG_INFO = NO;
				MTL_FAST_MATH = YES;
				SDKROOT = iphoneos;
				SWIFT_COMPILATION_MODE = wholemodule;
				SWIFT_OPTIMIZATION_LEVEL = "-O";
				VALIDATE_PRODUCT = YES;
			};
			name = Release;
		};
		BE1C1141252013A400646578 /* Debug */ = {
			isa = XCBuildConfiguration;
			buildSettings = {
				ASSETCATALOG_COMPILER_APPICON_NAME = AppIcon;
				CODE_SIGN_STYLE = Automatic;
				DEVELOPMENT_TEAM = XP57S9YZWM;
				INFOPLIST_FILE = "News-Feed/Info.plist";
				LD_RUNPATH_SEARCH_PATHS = (
					"$(inherited)",
					"@executable_path/Frameworks",
				);
				PRODUCT_BUNDLE_IDENTIFIER = "LH.News-Feed";
				PRODUCT_NAME = "$(TARGET_NAME)";
				SWIFT_VERSION = 5.0;
				TARGETED_DEVICE_FAMILY = "1,2";
			};
			name = Debug;
		};
		BE1C1142252013A400646578 /* Release */ = {
			isa = XCBuildConfiguration;
			buildSettings = {
				ASSETCATALOG_COMPILER_APPICON_NAME = AppIcon;
				CODE_SIGN_STYLE = Automatic;
				DEVELOPMENT_TEAM = XP57S9YZWM;
				INFOPLIST_FILE = "News-Feed/Info.plist";
				LD_RUNPATH_SEARCH_PATHS = (
					"$(inherited)",
					"@executable_path/Frameworks",
				);
				PRODUCT_BUNDLE_IDENTIFIER = "LH.News-Feed";
				PRODUCT_NAME = "$(TARGET_NAME)";
				SWIFT_VERSION = 5.0;
				TARGETED_DEVICE_FAMILY = "1,2";
			};
			name = Release;
		};
/* End XCBuildConfiguration section */

/* Begin XCConfigurationList section */
		BE1C11242520139A00646578 /* Build configuration list for PBXProject "News-Feed" */ = {
			isa = XCConfigurationList;
			buildConfigurations = (
				BE1C113E252013A400646578 /* Debug */,
				BE1C113F252013A400646578 /* Release */,
			);
			defaultConfigurationIsVisible = 0;
			defaultConfigurationName = Release;
		};
		BE1C1140252013A400646578 /* Build configuration list for PBXNativeTarget "News-Feed" */ = {
			isa = XCConfigurationList;
			buildConfigurations = (
				BE1C1141252013A400646578 /* Debug */,
				BE1C1142252013A400646578 /* Release */,
			);
			defaultConfigurationIsVisible = 0;
			defaultConfigurationName = Release;
		};
/* End XCConfigurationList section */

/* Begin XCVersionGroup section */
		BE1C11352520139A00646578 /* News_Feed.xcdatamodeld */ = {
			isa = XCVersionGroup;
			children = (
				BE1C11362520139A00646578 /* News_Feed.xcdatamodel */,
			);
			currentVersion = BE1C11362520139A00646578 /* News_Feed.xcdatamodel */;
			path = News_Feed.xcdatamodeld;
			sourceTree = "<group>";
			versionGroupType = wrapper.xcdatamodel;
		};
/* End XCVersionGroup section */
	};
	rootObject = BE1C11212520139A00646578 /* Project object */;
}
